
Microsoft Visual Studio Solution File, Format Version 12.00
# Visual Studio Version 16
VisualStudioVersion = 16.0.31321.278
MinimumVisualStudioVersion = 10.0.40219.1
Project("{FAE04EC0-301F-11D3-BF4B-00C04F79EFBC}") = "ListaDeFilmes.App", "src\ListaDeFilmes.App\ListaDeFilmes.App.csproj", "{81BD2588-9770-4D5A-9668-D97B842D1B5B}"
EndProject
Project("{FAE04EC0-301F-11D3-BF4B-00C04F79EFBC}") = "ListaDeFilmes.Business", "src\ListaDeFilmes.Business\ListaDeFilmes.Business.csproj", "{C5AAE1A6-4F0B-4E7A-A2A4-05EDAF803C0A}"
EndProject
Project("{FAE04EC0-301F-11D3-BF4B-00C04F79EFBC}") = "ListaDeFilmes.Data", "src\ListaDeFilmes.Data\ListaDeFilmes.Data.csproj", "{02D74348-CA63-4889-B53B-3A99646B2D64}"
EndProject
Global
	GlobalSection(SolutionConfigurationPlatforms) = preSolution
		Debug|Any CPU = Debug|Any CPU
		Release|Any CPU = Release|Any CPU
	EndGlobalSection
	GlobalSection(ProjectConfigurationPlatforms) = postSolution
		{81BD2588-9770-4D5A-9668-D97B842D1B5B}.Debug|Any CPU.ActiveCfg = Debug|Any CPU
		{81BD2588-9770-4D5A-9668-D97B842D1B5B}.Debug|Any CPU.Build.0 = Debug|Any CPU
		{81BD2588-9770-4D5A-9668-D97B842D1B5B}.Release|Any CPU.ActiveCfg = Release|Any CPU
		{81BD2588-9770-4D5A-9668-D97B842D1B5B}.Release|Any CPU.Build.0 = Release|Any CPU
		{C5AAE1A6-4F0B-4E7A-A2A4-05EDAF803C0A}.Debug|Any CPU.ActiveCfg = Debug|Any CPU
		{C5AAE1A6-4F0B-4E7A-A2A4-05EDAF803C0A}.Debug|Any CPU.Build.0 = Debug|Any CPU
		{C5AAE1A6-4F0B-4E7A-A2A4-05EDAF803C0A}.Release|Any CPU.ActiveCfg = Release|Any CPU
		{C5AAE1A6-4F0B-4E7A-A2A4-05EDAF803C0A}.Release|Any CPU.Build.0 = Release|Any CPU
		{02D74348-CA63-4889-B53B-3A99646B2D64}.Debug|Any CPU.ActiveCfg = Debug|Any CPU
		{02D74348-CA63-4889-B53B-3A99646B2D64}.Debug|Any CPU.Build.0 = Debug|Any CPU
		{02D74348-CA63-4889-B53B-3A99646B2D64}.Release|Any CPU.ActiveCfg = Release|Any CPU
		{02D74348-CA63-4889-B53B-3A99646B2D64}.Release|Any CPU.Build.0 = Release|Any CPU
	EndGlobalSection
	GlobalSection(SolutionProperties) = preSolution
		HideSolutionNode = FALSE
	EndGlobalSection
	GlobalSection(ExtensibilityGlobals) = postSolution
		SolutionGuid = {A75B1C38-8B4F-44C8-AB08-AD99D137B5E5}
	EndGlobalSection
EndGlobal
